{
  "name": "browserstacktunnel-wrapper",
  "version": "2.0.1",
  "lockfileVersion": 1,
  "requires": true,
  "dependencies": {
    "abbrev": {
      "version": "1.1.1",
      "resolved": "https://registry.npmjs.org/abbrev/-/abbrev-1.1.1.tgz",
      "integrity": "sha512-nne9/IiQ/hzIhY6pdDnbBtz7DjPTKrY00P/zvPSm5pOFkl6xuGrGnXn/VtTNNfNtAfZ9/1RtehkszU9qcTii0Q==",
      "dev": true
    },
    "agent-base": {
      "version": "2.1.1",
      "resolved": "https://registry.npmjs.org/agent-base/-/agent-base-2.1.1.tgz",
      "integrity": "sha1-1t4Q1a9hMtW9aSQn1G/FOFOQlMc=",
      "requires": {
        "extend": "3.0.1",
        "semver": "5.0.3"
      }
    },
    "argparse": {
      "version": "0.1.16",
      "resolved": "https://registry.npmjs.org/argparse/-/argparse-0.1.16.tgz",
      "integrity": "sha1-z9AeD7uj1srtBJ+9dY1A9lGW9Xw=",
      "dev": true,
      "requires": {
        "underscore": "1.7.0",
        "underscore.string": "2.4.0"
      },
      "dependencies": {
        "underscore.string": {
          "version": "2.4.0",
          "resolved": "https://registry.npmjs.org/underscore.string/-/underscore.string-2.4.0.tgz",
          "integrity": "sha1-jN2PusTi0uoefi6Al8QvRCKA+Fs=",
          "dev": true
        }
      }
    },
    "async": {
      "version": "0.1.22",
      "resolved": "https://registry.npmjs.org/async/-/async-0.1.22.tgz",
      "integrity": "sha1-D8GqoIig4+8Ovi2IMbqw3PiEUGE=",
      "dev": true
    },
    "balanced-match": {
      "version": "1.0.0",
      "resolved": "https://registry.npmjs.org/balanced-match/-/balanced-match-1.0.0.tgz",
      "integrity": "sha1-ibTRmasr7kneFk6gK4nORi1xt2c="
    },
    "binary": {
      "version": "0.3.0",
      "resolved": "https://registry.npmjs.org/binary/-/binary-0.3.0.tgz",
      "integrity": "sha1-n2BVO8XOjDOG87VTz/R0Yq3sqnk=",
      "requires": {
        "buffers": "0.1.1",
        "chainsaw": "0.1.0"
      }
    },
    "brace-expansion": {
      "version": "1.1.11",
      "resolved": "https://registry.npmjs.org/brace-expansion/-/brace-expansion-1.1.11.tgz",
      "integrity": "sha512-iCuPHDFgrHX7H2vEI/5xpz07zSHB00TpugqhmYtVmMO6518mCuRMoOYFldEBl0g187ufozdaHgWKcYFb61qGiA==",
      "requires": {
        "balanced-match": "1.0.0",
        "concat-map": "0.0.1"
      }
    },
    "buffers": {
      "version": "0.1.1",
      "resolved": "https://registry.npmjs.org/buffers/-/buffers-0.1.1.tgz",
      "integrity": "sha1-skV5w77U1tOWru5tmorn9Ugqt7s="
    },
    "buster-core": {
      "version": "0.6.4",
      "resolved": "https://registry.npmjs.org/buster-core/-/buster-core-0.6.4.tgz",
      "integrity": "sha1-J79rrWdCROpyDzEdkAoMoct4YFA=",
      "dev": true
    },
    "buster-format": {
      "version": "0.5.6",
      "resolved": "https://registry.npmjs.org/buster-format/-/buster-format-0.5.6.tgz",
      "integrity": "sha1-K4bDIuz14bCubm55Bev884fSq5U=",
      "dev": true,
      "requires": {
        "buster-core": "0.6.4"
      }
    },
    "chainsaw": {
      "version": "0.1.0",
      "resolved": "https://registry.npmjs.org/chainsaw/-/chainsaw-0.1.0.tgz",
      "integrity": "sha1-XqtQsor+WAdNDVgpE4iCi15fvJg=",
      "requires": {
        "traverse": "0.3.9"
      }
    },
    "cli": {
      "version": "0.4.5",
      "resolved": "https://registry.npmjs.org/cli/-/cli-0.4.5.tgz",
      "integrity": "sha1-ePlIXNFhtWbppsctcXDEJw6B22E=",
      "dev": true,
      "requires": {
        "glob": "7.1.2"
      }
    },
    "coffee-script": {
      "version": "1.3.3",
      "resolved": "https://registry.npmjs.org/coffee-script/-/coffee-script-1.3.3.tgz",
      "integrity": "sha1-FQ1rTLUiiUNp7+1qIQHCC8f0pPQ=",
      "dev": true
    },
    "colors": {
      "version": "0.6.2",
      "resolved": "https://registry.npmjs.org/colors/-/colors-0.6.2.tgz",
      "integrity": "sha1-JCP+ZnisDF2uiFLl0OW+CMmXq8w=",
      "dev": true
    },
    "commander": {
      "version": "0.6.1",
      "resolved": "https://registry.npmjs.org/commander/-/commander-0.6.1.tgz",
      "integrity": "sha1-+mihT2qUXVTbvlDYzbMyDp47GgY=",
      "dev": true
    },
    "concat-map": {
      "version": "0.0.1",
      "resolved": "https://registry.npmjs.org/concat-map/-/concat-map-0.0.1.tgz",
      "integrity": "sha1-2Klr13/Wjfd5OnMDajug1UBdR3s="
    },
    "console-browserify": {
      "version": "0.1.6",
      "resolved": "https://registry.npmjs.org/console-browserify/-/console-browserify-0.1.6.tgz",
      "integrity": "sha1-0SijwLuINQ61YmxufHGm8P1ImDw=",
      "dev": true
    },
    "core-util-is": {
      "version": "1.0.2",
      "resolved": "https://registry.npmjs.org/core-util-is/-/core-util-is-1.0.2.tgz",
      "integrity": "sha1-tf1UIgqivFq1eqtxQMlAdUUDwac="
    },
    "dateformat": {
      "version": "1.0.2-1.2.3",
      "resolved": "https://registry.npmjs.org/dateformat/-/dateformat-1.0.2-1.2.3.tgz",
      "integrity": "sha1-sCIMAt6YYXQztyhRz0fePfLNvuk=",
      "dev": true
    },
    "debug": {
      "version": "2.6.9",
      "resolved": "https://registry.npmjs.org/debug/-/debug-2.6.9.tgz",
      "integrity": "sha512-bC7ElrdJaJnPbAP+1EotYvqZsb3ecl5wi6Bfi6BJTUcNowp6cvspg0jXznRTKDjm/E7AdgFBVeAPVMNcKGsHMA==",
      "requires": {
        "ms": "2.0.0"
      }
    },
    "diff": {
      "version": "1.0.2",
      "resolved": "https://registry.npmjs.org/diff/-/diff-1.0.2.tgz",
      "integrity": "sha1-Suc/Gu6Nb89ITxoc53zmUdm38Mk=",
      "dev": true
    },
    "esprima": {
      "version": "1.0.4",
      "resolved": "https://registry.npmjs.org/esprima/-/esprima-1.0.4.tgz",
      "integrity": "sha1-n1V+CPw7TSbs6d00+Pv0drYlha0=",
      "dev": true
    },
    "eventemitter2": {
      "version": "0.4.14",
      "resolved": "https://registry.npmjs.org/eventemitter2/-/eventemitter2-0.4.14.tgz",
      "integrity": "sha1-j2G3XN4BKy6esoTUVFWDtWQ7Yas=",
      "dev": true
    },
    "exit": {
      "version": "0.1.2",
      "resolved": "https://registry.npmjs.org/exit/-/exit-0.1.2.tgz",
      "integrity": "sha1-BjJjj42HfMghB9MKD/8aF8uhzQw=",
      "dev": true
    },
    "expect.js": {
      "version": "0.2.0",
      "resolved": "https://registry.npmjs.org/expect.js/-/expect.js-0.2.0.tgz",
      "integrity": "sha1-EChTPSwcNj90pnlv9X7AUg3tK+E=",
      "dev": true
    },
    "extend": {
      "version": "3.0.1",
      "resolved": "https://registry.npmjs.org/extend/-/extend-3.0.1.tgz",
      "integrity": "sha1-p1Xqe8Gt/MWjHOfnYtuq3F5jZEQ="
    },
    "faye-websocket": {
      "version": "0.4.4",
      "resolved": "https://registry.npmjs.org/faye-websocket/-/faye-websocket-0.4.4.tgz",
      "integrity": "sha1-wUxbO/FNdBf/v9mQwKdJXNnzN7w=",
      "dev": true
    },
    "findup-sync": {
      "version": "0.1.3",
      "resolved": "https://registry.npmjs.org/findup-sync/-/findup-sync-0.1.3.tgz",
      "integrity": "sha1-fz56l7gjksZTvwZYm9hRkOk8NoM=",
      "dev": true,
      "requires": {
        "glob": "3.2.11",
        "lodash": "2.4.2"
      },
      "dependencies": {
        "glob": {
          "version": "3.2.11",
          "resolved": "https://registry.npmjs.org/glob/-/glob-3.2.11.tgz",
          "integrity": "sha1-Spc/Y1uRkPcV0QmH1cAP0oFevj0=",
          "dev": true,
          "requires": {
            "inherits": "2.0.3",
            "minimatch": "0.3.0"
          }
        },
        "lodash": {
          "version": "2.4.2",
          "resolved": "https://registry.npmjs.org/lodash/-/lodash-2.4.2.tgz",
          "integrity": "sha1-+t2DS5aDBz2hebPq5tnA0VBT9z4=",
          "dev": true
        },
        "minimatch": {
          "version": "0.3.0",
          "resolved": "https://registry.npmjs.org/minimatch/-/minimatch-0.3.0.tgz",
          "integrity": "sha1-J12O2qxPG7MyZHIInnlJyDlGmd0=",
          "dev": true,
          "requires": {
            "lru-cache": "2.7.3",
            "sigmund": "1.0.1"
          }
        }
      }
    },
    "fs.realpath": {
      "version": "1.0.0",
      "resolved": "https://registry.npmjs.org/fs.realpath/-/fs.realpath-1.0.0.tgz",
      "integrity": "sha1-FQStJSMVjKpA20onh8sBQRmU6k8="
    },
    "fstream": {
      "version": "0.1.31",
      "resolved": "https://registry.npmjs.org/fstream/-/fstream-0.1.31.tgz",
      "integrity": "sha1-czfwWPu7vvqMn1YaKMqwhJICyYg=",
      "requires": {
        "graceful-fs": "3.0.11",
        "inherits": "2.0.3",
        "mkdirp": "0.5.1",
        "rimraf": "2.6.2"
      }
    },
    "gaze": {
      "version": "0.4.3",
      "resolved": "https://registry.npmjs.org/gaze/-/gaze-0.4.3.tgz",
      "integrity": "sha1-5Tj0/15P5kj0c6l+HrslPS3hJ7U=",
      "dev": true,
      "requires": {
        "globule": "0.1.0"
      }
    },
    "getobject": {
      "version": "0.1.0",
      "resolved": "https://registry.npmjs.org/getobject/-/getobject-0.1.0.tgz",
      "integrity": "sha1-BHpEl4n6Fg0Bj1SG7ZEyC27HiFw=",
      "dev": true
    },
    "glob": {
      "version": "7.1.2",
      "resolved": "https://registry.npmjs.org/glob/-/glob-7.1.2.tgz",
      "integrity": "sha512-MJTUg1kjuLeQCJ+ccE4Vpa6kKVXkPYJ2mOCQyUuKLcLQsdrMCpBPUi8qVE6+YuaJkozeA9NusTAw3hLr8Xe5EQ==",
      "requires": {
        "fs.realpath": "1.0.0",
        "inflight": "1.0.6",
        "inherits": "2.0.3",
        "minimatch": "3.0.4",
        "once": "1.4.0",
        "path-is-absolute": "1.0.1"
      }
    },
    "globule": {
      "version": "0.1.0",
      "resolved": "https://registry.npmjs.org/globule/-/globule-0.1.0.tgz",
      "integrity": "sha1-2cjt3h2nnRJaFRt5UzuXhnY0auU=",
      "dev": true,
      "requires": {
        "glob": "3.1.21",
        "lodash": "1.0.2",
        "minimatch": "0.2.14"
      },
      "dependencies": {
        "glob": {
          "version": "3.1.21",
          "resolved": "https://registry.npmjs.org/glob/-/glob-3.1.21.tgz",
          "integrity": "sha1-0p4KBV3qUTj00H7UDomC6DwgZs0=",
          "dev": true,
          "requires": {
            "graceful-fs": "1.2.3",
            "inherits": "1.0.2",
            "minimatch": "0.2.14"
          }
        },
        "graceful-fs": {
          "version": "1.2.3",
          "resolved": "https://registry.npmjs.org/graceful-fs/-/graceful-fs-1.2.3.tgz",
          "integrity": "sha1-FaSAaldUfLLS2/J/QuiajDRRs2Q=",
          "dev": true
        },
        "inherits": {
          "version": "1.0.2",
          "resolved": "https://registry.npmjs.org/inherits/-/inherits-1.0.2.tgz",
          "integrity": "sha1-ykMJ2t7mtUzAuNJH6NfHoJdb3Js=",
          "dev": true
        },
        "lodash": {
          "version": "1.0.2",
          "resolved": "https://registry.npmjs.org/lodash/-/lodash-1.0.2.tgz",
          "integrity": "sha1-j1dWDIO1n8JwvT1WG2kAQ0MOJVE=",
          "dev": true
        },
        "minimatch": {
          "version": "0.2.14",
          "resolved": "https://registry.npmjs.org/minimatch/-/minimatch-0.2.14.tgz",
          "integrity": "sha1-x054BXT2PG+aCQ6Q775u9TpqdWo=",
          "dev": true,
          "requires": {
            "lru-cache": "2.7.3",
            "sigmund": "1.0.1"
          }
        }
      }
    },
    "graceful-fs": {
      "version": "3.0.11",
      "resolved": "https://registry.npmjs.org/graceful-fs/-/graceful-fs-3.0.11.tgz",
      "integrity": "sha1-dhPHeKGv6mLyXGMKCG1/Osu92Bg=",
      "requires": {
        "natives": "1.1.2"
      }
    },
    "growl": {
      "version": "1.7.0",
      "resolved": "https://registry.npmjs.org/growl/-/growl-1.7.0.tgz",
      "integrity": "sha1-3i1mE20ALhErpw8/EMMc98NQsto=",
      "dev": true
    },
    "grunt": {
      "version": "0.4.5",
      "resolved": "https://registry.npmjs.org/grunt/-/grunt-0.4.5.tgz",
      "integrity": "sha1-VpN81RlDJK3/bSB2MYMqnWuk5/A=",
      "dev": true,
      "requires": {
        "async": "0.1.22",
        "coffee-script": "1.3.3",
        "colors": "0.6.2",
        "dateformat": "1.0.2-1.2.3",
        "eventemitter2": "0.4.14",
        "exit": "0.1.2",
        "findup-sync": "0.1.3",
        "getobject": "0.1.0",
        "glob": "3.1.21",
        "grunt-legacy-log": "0.1.3",
        "grunt-legacy-util": "0.2.0",
        "hooker": "0.2.3",
        "iconv-lite": "0.2.11",
        "js-yaml": "2.0.5",
        "lodash": "0.9.2",
        "minimatch": "0.2.14",
        "nopt": "1.0.10",
        "rimraf": "2.2.8",
        "underscore.string": "2.2.1",
        "which": "1.0.9"
      },
      "dependencies": {
        "glob": {
          "version": "3.1.21",
          "resolved": "https://registry.npmjs.org/glob/-/glob-3.1.21.tgz",
          "integrity": "sha1-0p4KBV3qUTj00H7UDomC6DwgZs0=",
          "dev": true,
          "requires": {
            "graceful-fs": "1.2.3",
            "inherits": "1.0.2",
            "minimatch": "0.2.14"
          }
        },
        "graceful-fs": {
          "version": "1.2.3",
          "resolved": "https://registry.npmjs.org/graceful-fs/-/graceful-fs-1.2.3.tgz",
          "integrity": "sha1-FaSAaldUfLLS2/J/QuiajDRRs2Q=",
          "dev": true
        },
        "inherits": {
          "version": "1.0.2",
          "resolved": "https://registry.npmjs.org/inherits/-/inherits-1.0.2.tgz",
          "integrity": "sha1-ykMJ2t7mtUzAuNJH6NfHoJdb3Js=",
          "dev": true
        },
        "minimatch": {
          "version": "0.2.14",
          "resolved": "https://registry.npmjs.org/minimatch/-/minimatch-0.2.14.tgz",
          "integrity": "sha1-x054BXT2PG+aCQ6Q775u9TpqdWo=",
          "dev": true,
          "requires": {
            "lru-cache": "2.7.3",
            "sigmund": "1.0.1"
          }
        },
        "rimraf": {
          "version": "2.2.8",
          "resolved": "https://registry.npmjs.org/rimraf/-/rimraf-2.2.8.tgz",
          "integrity": "sha1-5Dm+Kq7jJzIZUnMPmaiSnk/FBYI=",
          "dev": true
        }
      }
    },
    "grunt-cli": {
      "version": "0.1.13",
      "resolved": "https://registry.npmjs.org/grunt-cli/-/grunt-cli-0.1.13.tgz",
      "integrity": "sha1-6evEBHYx9QEtkidww5N4EzytEPQ=",
      "dev": true,
      "requires": {
        "findup-sync": "0.1.3",
        "nopt": "1.0.10",
        "resolve": "0.3.1"
      }
    },
    "grunt-contrib-jshint": {
      "version": "0.6.5",
      "resolved": "https://registry.npmjs.org/grunt-contrib-jshint/-/grunt-contrib-jshint-0.6.5.tgz",
      "integrity": "sha1-OvtGdnRTZMxKGe7nk0wOBgCLVm4=",
      "dev": true,
      "requires": {
        "jshint": "2.1.11"
      }
    },
    "grunt-contrib-watch": {
      "version": "0.5.3",
      "resolved": "https://registry.npmjs.org/grunt-contrib-watch/-/grunt-contrib-watch-0.5.3.tgz",
      "integrity": "sha1-fZ61Rl1Qb6FPqspH5uh5CoLBye4=",
      "dev": true,
      "requires": {
        "gaze": "0.4.3",
        "tiny-lr": "0.0.4"
      }
    },
    "grunt-legacy-log": {
      "version": "0.1.3",
      "resolved": "https://registry.npmjs.org/grunt-legacy-log/-/grunt-legacy-log-0.1.3.tgz",
      "integrity": "sha1-7ClCboAwIa9ZAp+H0vnNczWgVTE=",
      "dev": true,
      "requires": {
        "colors": "0.6.2",
        "grunt-legacy-log-utils": "0.1.1",
        "hooker": "0.2.3",
        "lodash": "2.4.2",
        "underscore.string": "2.3.3"
      },
      "dependencies": {
        "lodash": {
          "version": "2.4.2",
          "resolved": "https://registry.npmjs.org/lodash/-/lodash-2.4.2.tgz",
          "integrity": "sha1-+t2DS5aDBz2hebPq5tnA0VBT9z4=",
          "dev": true
        },
        "underscore.string": {
          "version": "2.3.3",
          "resolved": "https://registry.npmjs.org/underscore.string/-/underscore.string-2.3.3.tgz",
          "integrity": "sha1-ccCL9rQosRM/N+ePo6Icgvcymw0=",
          "dev": true
        }
      }
    },
    "grunt-legacy-log-utils": {
      "version": "0.1.1",
      "resolved": "https://registry.npmjs.org/grunt-legacy-log-utils/-/grunt-legacy-log-utils-0.1.1.tgz",
      "integrity": "sha1-wHBrndkGThFvNvI/5OawSGcsD34=",
      "dev": true,
      "requires": {
        "colors": "0.6.2",
        "lodash": "2.4.2",
        "underscore.string": "2.3.3"
      },
      "dependencies": {
        "lodash": {
          "version": "2.4.2",
          "resolved": "https://registry.npmjs.org/lodash/-/lodash-2.4.2.tgz",
          "integrity": "sha1-+t2DS5aDBz2hebPq5tnA0VBT9z4=",
          "dev": true
        },
        "underscore.string": {
          "version": "2.3.3",
          "resolved": "https://registry.npmjs.org/underscore.string/-/underscore.string-2.3.3.tgz",
          "integrity": "sha1-ccCL9rQosRM/N+ePo6Icgvcymw0=",
          "dev": true
        }
      }
    },
    "grunt-legacy-util": {
      "version": "0.2.0",
      "resolved": "https://registry.npmjs.org/grunt-legacy-util/-/grunt-legacy-util-0.2.0.tgz",
      "integrity": "sha1-kzJIhNv343qf98Am3/RR2UqeVUs=",
      "dev": true,
      "requires": {
        "async": "0.1.22",
        "exit": "0.1.2",
        "getobject": "0.1.0",
        "hooker": "0.2.3",
        "lodash": "0.9.2",
        "underscore.string": "2.2.1",
        "which": "1.0.9"
      }
    },
    "grunt-mocha-test": {
      "version": "0.6.3",
      "resolved": "https://registry.npmjs.org/grunt-mocha-test/-/grunt-mocha-test-0.6.3.tgz",
      "integrity": "sha1-VIeJ+GviS6omSrfJikQsBbLbb5g=",
      "dev": true,
      "requires": {
        "mocha": "1.12.1"
      }
    },
    "hooker": {
      "version": "0.2.3",
      "resolved": "https://registry.npmjs.org/hooker/-/hooker-0.2.3.tgz",
      "integrity": "sha1-uDT3I8xKJCqmWWNFnfbZhMXT2Vk=",
      "dev": true
    },
    "https-proxy-agent": {
      "version": "1.0.0",
      "resolved": "https://registry.npmjs.org/https-proxy-agent/-/https-proxy-agent-1.0.0.tgz",
      "integrity": "sha1-NffabEjOTdv6JkiRrFk+5f+GceY=",
      "requires": {
        "agent-base": "2.1.1",
        "debug": "2.6.9",
        "extend": "3.0.1"
      }
    },
    "iconv-lite": {
      "version": "0.2.11",
      "resolved": "https://registry.npmjs.org/iconv-lite/-/iconv-lite-0.2.11.tgz",
      "integrity": "sha1-HOYKOleGSiktEyH/RgnKS7llrcg=",
      "dev": true
    },
    "inflight": {
      "version": "1.0.6",
      "resolved": "https://registry.npmjs.org/inflight/-/inflight-1.0.6.tgz",
      "integrity": "sha1-Sb1jMdfQLQwJvJEKEHW6gWW1bfk=",
      "requires": {
        "once": "1.4.0",
        "wrappy": "1.0.2"
      }
    },
    "inherits": {
      "version": "2.0.3",
      "resolved": "https://registry.npmjs.org/inherits/-/inherits-2.0.3.tgz",
      "integrity": "sha1-Yzwsg+PaQqUC9SRmAiSA9CCCYd4="
    },
    "isarray": {
      "version": "0.0.1",
      "resolved": "https://registry.npmjs.org/isarray/-/isarray-0.0.1.tgz",
      "integrity": "sha1-ihis/Kmo9Bd+Cav8YDiTmwXR7t8="
    },
    "jade": {
      "version": "0.26.3",
      "resolved": "https://registry.npmjs.org/jade/-/jade-0.26.3.tgz",
      "integrity": "sha1-jxDXl32NefL2/4YqgbBRPMslaGw=",
      "dev": true,
      "requires": {
        "commander": "0.6.1",
        "mkdirp": "0.3.0"
      },
      "dependencies": {
        "mkdirp": {
          "version": "0.3.0",
          "resolved": "https://registry.npmjs.org/mkdirp/-/mkdirp-0.3.0.tgz",
          "integrity": "sha1-G79asbqCevI1dRQ0kEJkVfSB/h4=",
          "dev": true
        }
      }
    },
    "js-yaml": {
      "version": "2.0.5",
      "resolved": "https://registry.npmjs.org/js-yaml/-/js-yaml-2.0.5.tgz",
      "integrity": "sha1-olrmUJmZ6X3yeMZxnaEb0Gh3Q6g=",
      "dev": true,
      "requires": {
        "argparse": "0.1.16",
        "esprima": "1.0.4"
      }
    },
    "jshint": {
      "version": "2.1.11",
      "resolved": "https://registry.npmjs.org/jshint/-/jshint-2.1.11.tgz",
      "integrity": "sha1-61EI/vm6Xd67gwmD9XLSQuSeP5Y=",
      "dev": true,
      "requires": {
        "cli": "0.4.5",
        "console-browserify": "0.1.6",
        "minimatch": "0.4.0",
        "shelljs": "0.1.4",
        "underscore": "1.4.4"
      },
      "dependencies": {
        "minimatch": {
          "version": "0.4.0",
          "resolved": "https://registry.npmjs.org/minimatch/-/minimatch-0.4.0.tgz",
          "integrity": "sha1-vSx9Bg0sjI/Xzefx8u0tWycP2xs=",
          "dev": true,
          "requires": {
            "lru-cache": "2.7.3",
            "sigmund": "1.0.1"
          }
        },
        "underscore": {
          "version": "1.4.4",
          "resolved": "https://registry.npmjs.org/underscore/-/underscore-1.4.4.tgz",
          "integrity": "sha1-YaajIBBiKvoHljvzJSA88SI51gQ=",
          "dev": true
        }
      }
    },
    "lodash": {
      "version": "0.9.2",
      "resolved": "https://registry.npmjs.org/lodash/-/lodash-0.9.2.tgz",
      "integrity": "sha1-jzSZxSRdNG1oLlsNO0B2fgnxqSw=",
      "dev": true
    },
    "lru-cache": {
      "version": "2.7.3",
      "resolved": "https://registry.npmjs.org/lru-cache/-/lru-cache-2.7.3.tgz",
      "integrity": "sha1-bUUk6LlV+V1PW1iFHOId1y+06VI=",
      "dev": true
    },
    "match-stream": {
      "version": "0.0.2",
      "resolved": "https://registry.npmjs.org/match-stream/-/match-stream-0.0.2.tgz",
      "integrity": "sha1-mesFAJOzTf+t5CG5rAtBCpz6F88=",
      "requires": {
        "buffers": "0.1.1",
        "readable-stream": "1.0.34"
      }
    },
    "minimatch": {
      "version": "3.0.4",
      "resolved": "https://registry.npmjs.org/minimatch/-/minimatch-3.0.4.tgz",
      "integrity": "sha512-yJHVQEhyqPLUTgt9B83PXu6W3rx4MvvHvSUvToogpwoGDOUQ+yDrR0HRot+yOCdCO7u4hX3pWft6kWBBcqh0UA==",
      "requires": {
        "brace-expansion": "1.1.11"
      }
    },
    "minimist": {
      "version": "0.0.8",
      "resolved": "https://registry.npmjs.org/minimist/-/minimist-0.0.8.tgz",
      "integrity": "sha1-hX/Kv8M5fSYluCKCYuhqp6ARsF0="
    },
    "mkdirp": {
      "version": "0.5.1",
      "resolved": "https://registry.npmjs.org/mkdirp/-/mkdirp-0.5.1.tgz",
      "integrity": "sha1-MAV0OOrGz3+MR2fzhkjWaX11yQM=",
      "requires": {
        "minimist": "0.0.8"
      }
    },
    "mocha": {
      "version": "1.12.1",
      "resolved": "https://registry.npmjs.org/mocha/-/mocha-1.12.1.tgz",
      "integrity": "sha1-UhLj9ZFO74wIiK40Tmp90uWsKUo=",
      "dev": true,
      "requires": {
        "commander": "0.6.1",
        "debug": "2.6.9",
        "diff": "1.0.2",
        "glob": "3.2.1",
        "growl": "1.7.0",
        "jade": "0.26.3",
        "mkdirp": "0.3.5"
      },
      "dependencies": {
        "glob": {
          "version": "3.2.1",
          "resolved": "https://registry.npmjs.org/glob/-/glob-3.2.1.tgz",
          "integrity": "sha1-V69w7HO6IyO/4/KaBndl22TF11g=",
          "dev": true,
          "requires": {
            "graceful-fs": "1.2.3",
            "inherits": "1.0.2",
            "minimatch": "0.2.14"
          }
        },
        "graceful-fs": {
          "version": "1.2.3",
          "resolved": "https://registry.npmjs.org/graceful-fs/-/graceful-fs-1.2.3.tgz",
          "integrity": "sha1-FaSAaldUfLLS2/J/QuiajDRRs2Q=",
          "dev": true
        },
        "inherits": {
          "version": "1.0.2",
          "resolved": "https://registry.npmjs.org/inherits/-/inherits-1.0.2.tgz",
          "integrity": "sha1-ykMJ2t7mtUzAuNJH6NfHoJdb3Js=",
          "dev": true
        },
        "minimatch": {
          "version": "0.2.14",
          "resolved": "https://registry.npmjs.org/minimatch/-/minimatch-0.2.14.tgz",
          "integrity": "sha1-x054BXT2PG+aCQ6Q775u9TpqdWo=",
          "dev": true,
          "requires": {
            "lru-cache": "2.7.3",
            "sigmund": "1.0.1"
          }
        },
        "mkdirp": {
          "version": "0.3.5",
          "resolved": "https://registry.npmjs.org/mkdirp/-/mkdirp-0.3.5.tgz",
          "integrity": "sha1-3j5fiWHIjHh+4TaN+EmsRBPsqNc=",
          "dev": true
        }
      }
    },
    "mocks": {
      "version": "0.0.15",
      "resolved": "https://registry.npmjs.org/mocks/-/mocks-0.0.15.tgz",
      "integrity": "sha1-RmClzFn07Fbrk7/XLwg0+PxPoRw=",
      "dev": true
    },
    "ms": {
      "version": "2.0.0",
      "resolved": "https://registry.npmjs.org/ms/-/ms-2.0.0.tgz",
      "integrity": "sha1-VgiurfwAvmwpAd9fmGF4jeDVl8g="
    },
    "natives": {
      "version": "1.1.2",
      "resolved": "https://registry.npmjs.org/natives/-/natives-1.1.2.tgz",
      "integrity": "sha512-5bRASydE1gu6zPOenLN043++J8xj1Ob7ArkfdYO3JN4DF5rDmG7bMoiybkTyD+GnXQEMixVeDHMzuqm6kpBmiA=="
    },
    "nopt": {
      "version": "1.0.10",
      "resolved": "https://registry.npmjs.org/nopt/-/nopt-1.0.10.tgz",
      "integrity": "sha1-bd0hvSoxQXuScn3Vhfim83YI6+4=",
      "dev": true,
      "requires": {
        "abbrev": "1.1.1"
      }
    },
    "noptify": {
      "version": "0.0.3",
      "resolved": "https://registry.npmjs.org/noptify/-/noptify-0.0.3.tgz",
      "integrity": "sha1-WPZUpz2XU98MUdlobckhBKZ/S7s=",
      "dev": true,
      "requires": {
        "nopt": "2.0.0"
      },
      "dependencies": {
        "nopt": {
          "version": "2.0.0",
          "resolved": "https://registry.npmjs.org/nopt/-/nopt-2.0.0.tgz",
          "integrity": "sha1-ynQW8gpeP5w7hhgPlilfo9C1Lg0=",
          "dev": true,
          "requires": {
            "abbrev": "1.1.1"
          }
        }
      }
    },
    "once": {
      "version": "1.4.0",
      "resolved": "https://registry.npmjs.org/once/-/once-1.4.0.tgz",
      "integrity": "sha1-WDsap3WWHUsROsF9nFC6753Xa9E=",
      "requires": {
        "wrappy": "1.0.2"
      }
    },
    "over": {
      "version": "0.0.5",
      "resolved": "https://registry.npmjs.org/over/-/over-0.0.5.tgz",
      "integrity": "sha1-8phS5w/X4l82DgE6jsRMgq7bVwg="
    },
    "path-is-absolute": {
      "version": "1.0.1",
      "resolved": "https://registry.npmjs.org/path-is-absolute/-/path-is-absolute-1.0.1.tgz",
      "integrity": "sha1-F0uSaHNVNP+8es5r9TpanhtcX18="
    },
    "pullstream": {
      "version": "0.4.1",
      "resolved": "https://registry.npmjs.org/pullstream/-/pullstream-0.4.1.tgz",
      "integrity": "sha1-1vs79a7Wl+gxFQ6xACwlo/iuExQ=",
      "requires": {
        "over": "0.0.5",
        "readable-stream": "1.0.34",
        "setimmediate": "1.0.5",
        "slice-stream": "1.0.0"
      }
    },
    "qs": {
      "version": "0.5.6",
      "resolved": "https://registry.npmjs.org/qs/-/qs-0.5.6.tgz",
      "integrity": "sha1-MbGtBYVnZRxSaSFQa5qHk5EaA4Q=",
      "dev": true
    },
    "readable-stream": {
      "version": "1.0.34",
      "resolved": "https://registry.npmjs.org/readable-stream/-/readable-stream-1.0.34.tgz",
      "integrity": "sha1-Elgg40vIQtLyqq+v5MKRbuMsFXw=",
      "requires": {
        "core-util-is": "1.0.2",
        "inherits": "2.0.3",
        "isarray": "0.0.1",
        "string_decoder": "0.10.31"
      }
    },
    "resolve": {
      "version": "0.3.1",
      "resolved": "https://registry.npmjs.org/resolve/-/resolve-0.3.1.tgz",
      "integrity": "sha1-NMY0R8ZkxwWY0cmxJvxDsqJDEKQ=",
      "dev": true
    },
    "rimraf": {
      "version": "2.6.2",
      "resolved": "https://registry.npmjs.org/rimraf/-/rimraf-2.6.2.tgz",
      "integrity": "sha512-lreewLK/BlghmxtfH36YYVg1i8IAce4TI7oao75I1g245+6BctqTVQiBP3YUJ9C6DQOXJmkYR9X9fCLtCOJc5w==",
      "requires": {
        "glob": "7.1.2"
      }
    },
    "semver": {
      "version": "5.0.3",
      "resolved": "https://registry.npmjs.org/semver/-/semver-5.0.3.tgz",
      "integrity": "sha1-d0Zt5YnNXTyV8TiqeLxWmjy10no="
    },
    "setimmediate": {
      "version": "1.0.5",
      "resolved": "https://registry.npmjs.org/setimmediate/-/setimmediate-1.0.5.tgz",
      "integrity": "sha1-KQy7Iy4waULX1+qbg3Mqt4VvgoU="
    },
    "shelljs": {
      "version": "0.1.4",
      "resolved": "https://registry.npmjs.org/shelljs/-/shelljs-0.1.4.tgz",
      "integrity": "sha1-37vnjVbDwBaNL7eeEOzR28sH7A4=",
      "dev": true
    },
    "sigmund": {
      "version": "1.0.1",
      "resolved": "https://registry.npmjs.org/sigmund/-/sigmund-1.0.1.tgz",
      "integrity": "sha1-P/IfGYytIXX587eBhT/ZTQ0ZtZA=",
      "dev": true
    },
    "sinon": {
      "version": "1.7.3",
      "resolved": "https://registry.npmjs.org/sinon/-/sinon-1.7.3.tgz",
      "integrity": "sha1-emnWnNApRYbHQyVO7/G1g6UJl/I=",
      "dev": true,
      "requires": {
        "buster-format": "0.5.6"
      }
    },
    "slice-stream": {
      "version": "1.0.0",
      "resolved": "https://registry.npmjs.org/slice-stream/-/slice-stream-1.0.0.tgz",
      "integrity": "sha1-WzO9ZvATsaf4ZGCwPUY97DmtPqA=",
      "requires": {
        "readable-stream": "1.0.34"
      }
    },
    "string_decoder": {
      "version": "0.10.31",
      "resolved": "https://registry.npmjs.org/string_decoder/-/string_decoder-0.10.31.tgz",
      "integrity": "sha1-YuIDvEF2bGwoyfyEMB2rHFMQ+pQ="
    },
    "tiny-lr": {
      "version": "0.0.4",
      "resolved": "https://registry.npmjs.org/tiny-lr/-/tiny-lr-0.0.4.tgz",
      "integrity": "sha1-gGGFR/Y/aX0Fy0DEwsSwg1Ia77Y=",
      "dev": true,
      "requires": {
        "debug": "0.7.4",
        "faye-websocket": "0.4.4",
        "noptify": "0.0.3",
        "qs": "0.5.6"
      },
      "dependencies": {
        "debug": {
          "version": "0.7.4",
          "resolved": "https://registry.npmjs.org/debug/-/debug-0.7.4.tgz",
          "integrity": "sha1-BuHqgILCyxTjmAbiLi9vdX+Srzk=",
          "dev": true
        }
      }
    },
    "traverse": {
      "version": "0.3.9",
      "resolved": "https://registry.npmjs.org/traverse/-/traverse-0.3.9.tgz",
      "integrity": "sha1-cXuPIgzAu3tE5AUUwisui7xw2Lk="
    },
    "underscore": {
      "version": "1.7.0",
      "resolved": "https://registry.npmjs.org/underscore/-/underscore-1.7.0.tgz",
      "integrity": "sha1-a7rwh3UA02vjTsqlhODbn+8DUgk=",
      "dev": true
    },
    "underscore.string": {
      "version": "2.2.1",
      "resolved": "https://registry.npmjs.org/underscore.string/-/underscore.string-2.2.1.tgz",
      "integrity": "sha1-18D6KvXVoaZ/QlPa7pgTLnM/Dxk=",
      "dev": true
    },
    "unzip": {
      "version": "0.1.11",
      "resolved": "https://registry.npmjs.org/unzip/-/unzip-0.1.11.tgz",
      "integrity": "sha1-iXScY7BY19kNYZ+GuYqhU107l/A=",
      "requires": {
        "binary": "0.3.0",
        "fstream": "0.1.31",
        "match-stream": "0.0.2",
        "pullstream": "0.4.1",
        "readable-stream": "1.0.34",
        "setimmediate": "1.0.5"
      }
    },
    "which": {
      "version": "1.0.9",
      "resolved": "https://registry.npmjs.org/which/-/which-1.0.9.tgz",
      "integrity": "sha1-RgwdoPgQED0DIam2M6+eV15kSG8=",
      "dev": true
    },
    "wrappy": {
      "version": "1.0.2",
      "resolved": "https://registry.npmjs.org/wrappy/-/wrappy-1.0.2.tgz",
      "integrity": "sha1-tSQ9jz7BqjXxNkYFvA0QNuMKtp8="
    }
  }
}
